
Microsoft Visual Studio Solution File, Format Version 12.00
# Visual Studio Version 17
VisualStudioVersion = 17.2.32505.173
MinimumVisualStudioVersion = 10.0.40219.1
Project("{9A19103F-16F7-4668-BE54-9A1E7A4F7556}") = "World Editor - UG Remake", "World Editor - UG Remake\World Editor - UG Remake.csproj", "{110222EB-D71D-4C10-BEF9-03B0BE09F438}"
EndProject
Project("{FAE04EC0-301F-11D3-BF4B-00C04F79EFBC}") = "Core", "Core\Core.csproj", "{551241A6-9B4F-4105-8840-2B247E879D56}"
EndProject
Global
	GlobalSection(SolutionConfigurationPlatforms) = preSolution
		Debug|Any CPU = Debug|Any CPU
		Release|Any CPU = Release|Any CPU
	EndGlobalSection
	GlobalSection(ProjectConfigurationPlatforms) = postSolution
		{110222EB-D71D-4C10-BEF9-03B0BE09F438}.Debug|Any CPU.ActiveCfg = Debug|Any CPU
		{110222EB-D71D-4C10-BEF9-03B0BE09F438}.Debug|Any CPU.Build.0 = Debug|Any CPU
		{110222EB-D71D-4C10-BEF9-03B0BE09F438}.Release|Any CPU.ActiveCfg = Release|Any CPU
		{110222EB-D71D-4C10-BEF9-03B0BE09F438}.Release|Any CPU.Build.0 = Release|Any CPU
		{551241A6-9B4F-4105-8840-2B247E879D56}.Debug|Any CPU.ActiveCfg = Debug|Any CPU
		{551241A6-9B4F-4105-8840-2B247E879D56}.Debug|Any CPU.Build.0 = Debug|Any CPU
		{551241A6-9B4F-4105-8840-2B247E879D56}.Release|Any CPU.ActiveCfg = Release|Any CPU
		{551241A6-9B4F-4105-8840-2B247E879D56}.Release|Any CPU.Build.0 = Release|Any CPU
	EndGlobalSection
	GlobalSection(SolutionProperties) = preSolution
		HideSolutionNode = FALSE
	EndGlobalSection
	GlobalSection(ExtensibilityGlobals) = postSolution
		SolutionGuid = {BC41F4EE-54B6-405E-9C78-15A92886B3E2}
	EndGlobalSection
EndGlobal
